PODS:
  - Capacitor (7.1.0):
    - CapacitorCordova
  - CapacitorApp (7.0.0):
    - Capacitor
  - CapacitorBackgroundRunner (2.1.0):
    - Capacitor
  - CapacitorCommunitySafeArea (7.0.0-alpha.1):
    - Capacitor
  - CapacitorCommunitySqlite (7.0.0):
    - Capacitor
    - SQLCipher
    - ZIPFoundation
  - CapacitorCordova (7.1.0)
  - CapacitorFilesystem (7.0.1):
    - Capacitor
  - CapacitorHaptics (7.0.0):
    - Capacitor
  - CapacitorInappbrowser (2.0.1):
    - Capacitor
    - OSInAppBrowserLib (~> 1.0)
  - CapacitorKeyboard (7.0.1):
    - Capacitor
  - CapacitorLocalNotifications (7.0.1):
    - Capacitor
  - CapacitorPluginSafeArea (4.0.0):
    - Capacitor
  - CapacitorShare (7.0.1):
    - Capacitor
  - CapacitorSplashScreen (7.0.0):
    - Capacitor
  - CapacitorStatusBar (7.0.0):
    - Capacitor
  - OSInAppBrowserLib (1.0.0)
  - SQLCipher (4.6.1):
    - SQLCipher/standard (= 4.6.1)
  - SQLCipher/common (4.6.1)
  - SQLCipher/standard (4.6.1):
    - SQLCipher/common
  - ZIPFoundation (0.9.19)

DEPENDENCIES:
  - "Capacitor (from `../../node_modules/@capacitor/ios`)"
  - "CapacitorApp (from `../../node_modules/@capacitor/app`)"
  - "CapacitorBackgroundRunner (from `../../node_modules/@capacitor/background-runner`)"
  - "CapacitorCommunitySafeArea (from `../../node_modules/@capacitor-community/safe-area`)"
  - "CapacitorCommunitySqlite (from `../../node_modules/@capacitor-community/sqlite`)"
  - "CapacitorCordova (from `../../node_modules/@capacitor/ios`)"
  - "CapacitorFilesystem (from `../../node_modules/@capacitor/filesystem`)"
  - "CapacitorHaptics (from `../../node_modules/@capacitor/haptics`)"
  - "CapacitorInappbrowser (from `../../node_modules/@capacitor/inappbrowser`)"
  - "CapacitorKeyboard (from `../../node_modules/@capacitor/keyboard`)"
  - "CapacitorLocalNotifications (from `../../node_modules/@capacitor/local-notifications`)"
  - CapacitorPluginSafeArea (from `../../node_modules/capacitor-plugin-safe-area`)
  - "CapacitorShare (from `../../node_modules/@capacitor/share`)"
  - "CapacitorSplashScreen (from `../../node_modules/@capacitor/splash-screen`)"
  - "CapacitorStatusBar (from `../../node_modules/@capacitor/status-bar`)"

SPEC REPOS:
  trunk:
    - OSInAppBrowserLib
    - SQLCipher
    - ZIPFoundation

EXTERNAL SOURCES:
  Capacitor:
    :path: "../../node_modules/@capacitor/ios"
  CapacitorApp:
    :path: "../../node_modules/@capacitor/app"
  CapacitorBackgroundRunner:
    :path: "../../node_modules/@capacitor/background-runner"
  CapacitorCommunitySafeArea:
    :path: "../../node_modules/@capacitor-community/safe-area"
  CapacitorCommunitySqlite:
    :path: "../../node_modules/@capacitor-community/sqlite"
  CapacitorCordova:
    :path: "../../node_modules/@capacitor/ios"
  CapacitorFilesystem:
    :path: "../../node_modules/@capacitor/filesystem"
  CapacitorHaptics:
    :path: "../../node_modules/@capacitor/haptics"
  CapacitorInappbrowser:
    :path: "../../node_modules/@capacitor/inappbrowser"
  CapacitorKeyboard:
    :path: "../../node_modules/@capacitor/keyboard"
  CapacitorLocalNotifications:
    :path: "../../node_modules/@capacitor/local-notifications"
  CapacitorPluginSafeArea:
    :path: "../../node_modules/capacitor-plugin-safe-area"
  CapacitorShare:
    :path: "../../node_modules/@capacitor/share"
  CapacitorSplashScreen:
    :path: "../../node_modules/@capacitor/splash-screen"
  CapacitorStatusBar:
    :path: "../../node_modules/@capacitor/status-bar"

SPEC CHECKSUMS:
  Capacitor: 68ff8eabbcce387e69767c13b5fbcc1c5399eabc
  CapacitorApp: 45cb7cbef4aa380b9236fd6980033eb5cde6fcd2
  CapacitorBackgroundRunner: 75cddaea3ecc58c79ecd2b772cb80f8ecb1f3299
  CapacitorCommunitySafeArea: cc370b4f8d4aa340e4616acef9b73eda41ba0914
  CapacitorCommunitySqlite: 6501e7349acf998346acf24ef757861bb3f6fc2b
  CapacitorCordova: 866217f32c1d25b326c568a10ea3ed0c36b13e29
  CapacitorFilesystem: 307f97c27a265edf8396a1c9c235592fd8572fe3
  CapacitorHaptics: 1fba3e460e7614349c6d5f868b1fccdc5c87b66d
  CapacitorInappbrowser: 9a0a64218b81188dd55f64704c5c4541c63c4e6e
  CapacitorKeyboard: 969647d0ca2e5c737d7300088e2517aa832434e2
  CapacitorLocalNotifications: 4ea60b9347eac60b37cb4daaf62d12060bb00972
  CapacitorPluginSafeArea: af80830df43015a915e504a56318a3027d3fc806
  CapacitorShare: 58d6c2da63b093e8693287b2d36db92435538435
  CapacitorSplashScreen: f4e58cc02aafd91c7cbaf32a3d1b44d02a115125
  CapacitorStatusBar: 438e90beeeefa8276b24e6c5991cb02dd13e51bf
  OSInAppBrowserLib: c3d0b21a0c8b6d81e69117ad08bb6b8a4849c4e1
  SQLCipher: 77fbe633cd84db04b07876dd50766b4924b57d61
  ZIPFoundation: b8c29ea7ae353b309bc810586181fd073cb3312c

PODFILE CHECKSUM: d762429110fbf8a40a86e474dbc49236c01ecc1f

COCOAPODS: 1.15.2
